
Microsoft Visual Studio Solution File, Format Version 12.00
# Visual Studio 2013
VisualStudioVersion = 12.0.21005.1
MinimumVisualStudioVersion = 10.0.40219.1
Project("{FAE04EC0-301F-11D3-BF4B-00C04F79EFBC}") = "Branch.Core", "Branch.Core\Branch.Core.csproj", "{8AD17440-0040-4CC4-9169-C02FE8D419CD}"
EndProject
Project("{2150E333-8FDC-42A3-9474-1A3956D46DE8}") = ".nuget", ".nuget", "{28C377D4-057C-4D2C-8DD5-020AA1EE4A3C}"
	ProjectSection(SolutionItems) = preProject
		.nuget\NuGet.Config = .nuget\NuGet.Config
		.nuget\NuGet.exe = .nuget\NuGet.exe
		.nuget\NuGet.targets = .nuget\NuGet.targets
	EndProjectSection
EndProject
Project("{CC5FD16D-436D-48AD-A40C-5A424C6E3E79}") = "Branch.Azure", "Branch.Azure\Branch.Azure.ccproj", "{3944F1AD-FE9B-4C7A-8B66-921F5217F215}"
EndProject
Project("{FAE04EC0-301F-11D3-BF4B-00C04F79EFBC}") = "Branch.Service.Halo4", "Branch.Service.Halo4\Branch.Service.Halo4.csproj", "{F409253D-F24E-4008-AF97-5052F06EBC63}"
EndProject
Project("{FAE04EC0-301F-11D3-BF4B-00C04F79EFBC}") = "Branch.Models", "Branch.Models\Branch.Models.csproj", "{9232FBB8-7DA5-4AD6-9B57-C34FCCCF8CE6}"
EndProject
Project("{FAE04EC0-301F-11D3-BF4B-00C04F79EFBC}") = "Branch.Helpers", "Branch.Helpers\Branch.Helpers.csproj", "{75AFFBAB-90C2-447F-AA93-59C8BFA505AF}"
EndProject
Project("{FAE04EC0-301F-11D3-BF4B-00C04F79EFBC}") = "Branch.App", "Branch.App\Branch.App.csproj", "{8001355A-05D3-4C3A-A232-E1720D9BF546}"
EndProject
Global
	GlobalSection(SolutionConfigurationPlatforms) = preSolution
		Debug|Any CPU = Debug|Any CPU
		Debug|ARM = Debug|ARM
		Debug|x64 = Debug|x64
		Debug|x86 = Debug|x86
		Release|Any CPU = Release|Any CPU
		Release|ARM = Release|ARM
		Release|x64 = Release|x64
		Release|x86 = Release|x86
		TCRelease|Any CPU = TCRelease|Any CPU
		TCRelease|ARM = TCRelease|ARM
		TCRelease|x64 = TCRelease|x64
		TCRelease|x86 = TCRelease|x86
	EndGlobalSection
	GlobalSection(ProjectConfigurationPlatforms) = postSolution
		{8AD17440-0040-4CC4-9169-C02FE8D419CD}.Debug|Any CPU.ActiveCfg = Debug|Any CPU
		{8AD17440-0040-4CC4-9169-C02FE8D419CD}.Debug|Any CPU.Build.0 = Debug|Any CPU
		{8AD17440-0040-4CC4-9169-C02FE8D419CD}.Debug|ARM.ActiveCfg = Debug|Any CPU
		{8AD17440-0040-4CC4-9169-C02FE8D419CD}.Debug|x64.ActiveCfg = Debug|Any CPU
		{8AD17440-0040-4CC4-9169-C02FE8D419CD}.Debug|x86.ActiveCfg = Debug|Any CPU
		{8AD17440-0040-4CC4-9169-C02FE8D419CD}.Release|Any CPU.ActiveCfg = Release|Any CPU
		{8AD17440-0040-4CC4-9169-C02FE8D419CD}.Release|Any CPU.Build.0 = Release|Any CPU
		{8AD17440-0040-4CC4-9169-C02FE8D419CD}.Release|ARM.ActiveCfg = Release|Any CPU
		{8AD17440-0040-4CC4-9169-C02FE8D419CD}.Release|x64.ActiveCfg = Release|Any CPU
		{8AD17440-0040-4CC4-9169-C02FE8D419CD}.Release|x86.ActiveCfg = Release|Any CPU
		{8AD17440-0040-4CC4-9169-C02FE8D419CD}.TCRelease|Any CPU.ActiveCfg = TCRelease|Any CPU
		{8AD17440-0040-4CC4-9169-C02FE8D419CD}.TCRelease|Any CPU.Build.0 = TCRelease|Any CPU
		{8AD17440-0040-4CC4-9169-C02FE8D419CD}.TCRelease|ARM.ActiveCfg = TCRelease|Any CPU
		{8AD17440-0040-4CC4-9169-C02FE8D419CD}.TCRelease|x64.ActiveCfg = TCRelease|Any CPU
		{8AD17440-0040-4CC4-9169-C02FE8D419CD}.TCRelease|x86.ActiveCfg = TCRelease|Any CPU
		{3944F1AD-FE9B-4C7A-8B66-921F5217F215}.Debug|Any CPU.ActiveCfg = Debug|Any CPU
		{3944F1AD-FE9B-4C7A-8B66-921F5217F215}.Debug|Any CPU.Build.0 = Debug|Any CPU
		{3944F1AD-FE9B-4C7A-8B66-921F5217F215}.Debug|ARM.ActiveCfg = Debug|Any CPU
		{3944F1AD-FE9B-4C7A-8B66-921F5217F215}.Debug|x64.ActiveCfg = Debug|Any CPU
		{3944F1AD-FE9B-4C7A-8B66-921F5217F215}.Debug|x86.ActiveCfg = Debug|Any CPU
		{3944F1AD-FE9B-4C7A-8B66-921F5217F215}.Release|Any CPU.ActiveCfg = Release|Any CPU
		{3944F1AD-FE9B-4C7A-8B66-921F5217F215}.Release|Any CPU.Build.0 = Release|Any CPU
		{3944F1AD-FE9B-4C7A-8B66-921F5217F215}.Release|ARM.ActiveCfg = Release|Any CPU
		{3944F1AD-FE9B-4C7A-8B66-921F5217F215}.Release|x64.ActiveCfg = Release|Any CPU
		{3944F1AD-FE9B-4C7A-8B66-921F5217F215}.Release|x86.ActiveCfg = Release|Any CPU
		{3944F1AD-FE9B-4C7A-8B66-921F5217F215}.TCRelease|Any CPU.ActiveCfg = TCRelease|AnyCPU|Any CPU
		{3944F1AD-FE9B-4C7A-8B66-921F5217F215}.TCRelease|ARM.ActiveCfg = TCRelease|AnyCPU|Any CPU
		{3944F1AD-FE9B-4C7A-8B66-921F5217F215}.TCRelease|x64.ActiveCfg = TCRelease|AnyCPU|Any CPU
		{3944F1AD-FE9B-4C7A-8B66-921F5217F215}.TCRelease|x86.ActiveCfg = TCRelease|AnyCPU|Any CPU
		{F409253D-F24E-4008-AF97-5052F06EBC63}.Debug|Any CPU.ActiveCfg = Debug|Any CPU
		{F409253D-F24E-4008-AF97-5052F06EBC63}.Debug|Any CPU.Build.0 = Debug|Any CPU
		{F409253D-F24E-4008-AF97-5052F06EBC63}.Debug|ARM.ActiveCfg = Debug|Any CPU
		{F409253D-F24E-4008-AF97-5052F06EBC63}.Debug|x64.ActiveCfg = Debug|Any CPU
		{F409253D-F24E-4008-AF97-5052F06EBC63}.Debug|x86.ActiveCfg = Debug|Any CPU
		{F409253D-F24E-4008-AF97-5052F06EBC63}.Release|Any CPU.ActiveCfg = Release|Any CPU
		{F409253D-F24E-4008-AF97-5052F06EBC63}.Release|Any CPU.Build.0 = Release|Any CPU
		{F409253D-F24E-4008-AF97-5052F06EBC63}.Release|ARM.ActiveCfg = Release|Any CPU
		{F409253D-F24E-4008-AF97-5052F06EBC63}.Release|x64.ActiveCfg = Release|Any CPU
		{F409253D-F24E-4008-AF97-5052F06EBC63}.Release|x86.ActiveCfg = Release|Any CPU
		{F409253D-F24E-4008-AF97-5052F06EBC63}.TCRelease|Any CPU.ActiveCfg = TCRelease|Any CPU
		{F409253D-F24E-4008-AF97-5052F06EBC63}.TCRelease|Any CPU.Build.0 = TCRelease|Any CPU
		{F409253D-F24E-4008-AF97-5052F06EBC63}.TCRelease|ARM.ActiveCfg = TCRelease|Any CPU
		{F409253D-F24E-4008-AF97-5052F06EBC63}.TCRelease|x64.ActiveCfg = TCRelease|Any CPU
		{F409253D-F24E-4008-AF97-5052F06EBC63}.TCRelease|x86.ActiveCfg = TCRelease|Any CPU
		{9232FBB8-7DA5-4AD6-9B57-C34FCCCF8CE6}.Debug|Any CPU.ActiveCfg = Debug|Any CPU
		{9232FBB8-7DA5-4AD6-9B57-C34FCCCF8CE6}.Debug|Any CPU.Build.0 = Debug|Any CPU
		{9232FBB8-7DA5-4AD6-9B57-C34FCCCF8CE6}.Debug|ARM.ActiveCfg = Debug|Any CPU
		{9232FBB8-7DA5-4AD6-9B57-C34FCCCF8CE6}.Debug|x64.ActiveCfg = Debug|Any CPU
		{9232FBB8-7DA5-4AD6-9B57-C34FCCCF8CE6}.Debug|x86.ActiveCfg = Debug|Any CPU
		{9232FBB8-7DA5-4AD6-9B57-C34FCCCF8CE6}.Release|Any CPU.ActiveCfg = Release|Any CPU
		{9232FBB8-7DA5-4AD6-9B57-C34FCCCF8CE6}.Release|Any CPU.Build.0 = Release|Any CPU
		{9232FBB8-7DA5-4AD6-9B57-C34FCCCF8CE6}.Release|ARM.ActiveCfg = Release|Any CPU
		{9232FBB8-7DA5-4AD6-9B57-C34FCCCF8CE6}.Release|x64.ActiveCfg = Release|Any CPU
		{9232FBB8-7DA5-4AD6-9B57-C34FCCCF8CE6}.Release|x86.ActiveCfg = Release|Any CPU
		{9232FBB8-7DA5-4AD6-9B57-C34FCCCF8CE6}.TCRelease|Any CPU.ActiveCfg = TCRelease|Any CPU
		{9232FBB8-7DA5-4AD6-9B57-C34FCCCF8CE6}.TCRelease|Any CPU.Build.0 = TCRelease|Any CPU
		{9232FBB8-7DA5-4AD6-9B57-C34FCCCF8CE6}.TCRelease|ARM.ActiveCfg = TCRelease|Any CPU
		{9232FBB8-7DA5-4AD6-9B57-C34FCCCF8CE6}.TCRelease|x64.ActiveCfg = TCRelease|Any CPU
		{9232FBB8-7DA5-4AD6-9B57-C34FCCCF8CE6}.TCRelease|x86.ActiveCfg = TCRelease|Any CPU
		{75AFFBAB-90C2-447F-AA93-59C8BFA505AF}.Debug|Any CPU.ActiveCfg = Debug|Any CPU
		{75AFFBAB-90C2-447F-AA93-59C8BFA505AF}.Debug|Any CPU.Build.0 = Debug|Any CPU
		{75AFFBAB-90C2-447F-AA93-59C8BFA505AF}.Debug|ARM.ActiveCfg = Debug|Any CPU
		{75AFFBAB-90C2-447F-AA93-59C8BFA505AF}.Debug|x64.ActiveCfg = Debug|Any CPU
		{75AFFBAB-90C2-447F-AA93-59C8BFA505AF}.Debug|x86.ActiveCfg = Debug|Any CPU
		{75AFFBAB-90C2-447F-AA93-59C8BFA505AF}.Release|Any CPU.ActiveCfg = Release|Any CPU
		{75AFFBAB-90C2-447F-AA93-59C8BFA505AF}.Release|Any CPU.Build.0 = Release|Any CPU
		{75AFFBAB-90C2-447F-AA93-59C8BFA505AF}.Release|ARM.ActiveCfg = Release|Any CPU
		{75AFFBAB-90C2-447F-AA93-59C8BFA505AF}.Release|x64.ActiveCfg = Release|Any CPU
		{75AFFBAB-90C2-447F-AA93-59C8BFA505AF}.Release|x86.ActiveCfg = Release|Any CPU
		{75AFFBAB-90C2-447F-AA93-59C8BFA505AF}.TCRelease|Any CPU.ActiveCfg = TCRelease|Any CPU
		{75AFFBAB-90C2-447F-AA93-59C8BFA505AF}.TCRelease|Any CPU.Build.0 = TCRelease|Any CPU
		{75AFFBAB-90C2-447F-AA93-59C8BFA505AF}.TCRelease|ARM.ActiveCfg = TCRelease|Any CPU
		{75AFFBAB-90C2-447F-AA93-59C8BFA505AF}.TCRelease|x64.ActiveCfg = TCRelease|Any CPU
		{75AFFBAB-90C2-447F-AA93-59C8BFA505AF}.TCRelease|x86.ActiveCfg = TCRelease|Any CPU
		{8001355A-05D3-4C3A-A232-E1720D9BF546}.Debug|Any CPU.ActiveCfg = Debug|Any CPU
		{8001355A-05D3-4C3A-A232-E1720D9BF546}.Debug|Any CPU.Build.0 = Debug|Any CPU
		{8001355A-05D3-4C3A-A232-E1720D9BF546}.Debug|ARM.ActiveCfg = Debug|Any CPU
		{8001355A-05D3-4C3A-A232-E1720D9BF546}.Debug|x64.ActiveCfg = Debug|Any CPU
		{8001355A-05D3-4C3A-A232-E1720D9BF546}.Debug|x86.ActiveCfg = Debug|Any CPU
		{8001355A-05D3-4C3A-A232-E1720D9BF546}.Release|Any CPU.ActiveCfg = Release|Any CPU
		{8001355A-05D3-4C3A-A232-E1720D9BF546}.Release|Any CPU.Build.0 = Release|Any CPU
		{8001355A-05D3-4C3A-A232-E1720D9BF546}.Release|ARM.ActiveCfg = Release|Any CPU
		{8001355A-05D3-4C3A-A232-E1720D9BF546}.Release|x64.ActiveCfg = Release|Any CPU
		{8001355A-05D3-4C3A-A232-E1720D9BF546}.Release|x86.ActiveCfg = Release|Any CPU
		{8001355A-05D3-4C3A-A232-E1720D9BF546}.TCRelease|Any CPU.ActiveCfg = TCRelease|Any CPU
		{8001355A-05D3-4C3A-A232-E1720D9BF546}.TCRelease|Any CPU.Build.0 = TCRelease|Any CPU
		{8001355A-05D3-4C3A-A232-E1720D9BF546}.TCRelease|ARM.ActiveCfg = TCRelease|Any CPU
		{8001355A-05D3-4C3A-A232-E1720D9BF546}.TCRelease|x64.ActiveCfg = TCRelease|Any CPU
		{8001355A-05D3-4C3A-A232-E1720D9BF546}.TCRelease|x86.ActiveCfg = TCRelease|Any CPU
	EndGlobalSection
	GlobalSection(SolutionProperties) = preSolution
		HideSolutionNode = FALSE
	EndGlobalSection
EndGlobal
