
Microsoft Visual Studio Solution File, Format Version 11.00
# Visual Studio 2010
Project("{325B8569-0C7C-4A6A-8AF8-89C3B6BC9E74}") = "Branch", "Branch.stproj", "{F91ED42C-AD95-4A0E-8BD4-77C240230BC0}"
EndProject
Global
	GlobalSection(SolutionConfigurationPlatforms) = preSolution
		Debug|AnyCPU = Debug|AnyCPU
		Release|AnyCPU = Release|AnyCPU
	EndGlobalSection
	GlobalSection(ProjectConfigurationPlatforms) = postSolution
		{F91ED42C-AD95-4A0E-8BD4-77C240230BC0}.Debug|AnyCPU.ActiveCfg = Debug|AnyCPU
		{F91ED42C-AD95-4A0E-8BD4-77C240230BC0}.Debug|AnyCPU.Build.0 = Debug|AnyCPU
		{F91ED42C-AD95-4A0E-8BD4-77C240230BC0}.Release|AnyCPU.ActiveCfg = Release|AnyCPU
		{F91ED42C-AD95-4A0E-8BD4-77C240230BC0}.Release|AnyCPU.Build.0 = Release|AnyCPU
	EndGlobalSection
	GlobalSection(SolutionProperties) = preSolution
		HideSolutionNode = FALSE
	EndGlobalSection
EndGlobal
