
Microsoft Visual Studio Solution File, Format Version 12.00
# Visual Studio 15
VisualStudioVersion = 15.0.26124.0
MinimumVisualStudioVersion = 15.0.26124.0
Project("{2150E333-8FDC-42A3-9474-1A3956D46DE8}") = "Apps", "Apps", "{722F2BD8-5A8B-4B52-8251-AAEC0284F6D8}"
EndProject
Project("{FAE04EC0-301F-11D3-BF4B-00C04F79EFBC}") = "ServiceIdentity", "Apps\ServiceIdentity\ServiceIdentity.csproj", "{139B6BC5-4BAA-46CD-B0A2-CF1558CDC81C}"
EndProject
Project("{2150E333-8FDC-42A3-9474-1A3956D46DE8}") = "Clients", "Clients", "{292DC400-9C56-4FB5-81CF-E1DF61A3C056}"
EndProject
Project("{FAE04EC0-301F-11D3-BF4B-00C04F79EFBC}") = "Token", "Clients\Token\Token.csproj", "{E7F4EEC8-D12A-4AD3-B728-F21B8E228451}"
EndProject
Project("{FAE04EC0-301F-11D3-BF4B-00C04F79EFBC}") = "Branch", "Clients\Branch\Branch.csproj", "{4CAB276D-33BC-4472-958C-F6394B84B95F}"
EndProject
Project("{FAE04EC0-301F-11D3-BF4B-00C04F79EFBC}") = "Json", "Clients\Json\Json.csproj", "{2E58CDB9-B5C4-405B-A968-5BB4780EF13B}"
EndProject
Project("{2150E333-8FDC-42A3-9474-1A3956D46DE8}") = "Packages", "Packages", "{B6B4D09F-D7D4-451F-9B9F-B1A85EAED262}"
EndProject
Project("{FAE04EC0-301F-11D3-BF4B-00C04F79EFBC}") = "Enums", "Packages\Enums\Enums.csproj", "{36A2CADB-A372-4647-9444-4B2D115B90A3}"
EndProject
Project("{FAE04EC0-301F-11D3-BF4B-00C04F79EFBC}") = "Contracts", "Packages\Contracts\Contracts.csproj", "{8D1043D8-2B08-4F52-AC68-3CEB5556A4EB}"
EndProject
Project("{FAE04EC0-301F-11D3-BF4B-00C04F79EFBC}") = "Models", "Packages\Models\Models.csproj", "{F6C08900-1D8E-4935-B00B-2C38FAE03BF9}"
EndProject
Project("{2150E333-8FDC-42A3-9474-1A3956D46DE8}") = "Tests", "Tests", "{7FB91095-244C-4445-8F52-D70AD4709322}"
EndProject
Project("{2150E333-8FDC-42A3-9474-1A3956D46DE8}") = "Clients", "Clients", "{D4C4ADE3-4ED7-4543-A067-4D1E2804A395}"
EndProject
Project("{FAE04EC0-301F-11D3-BF4B-00C04F79EFBC}") = "JsonTests", "Tests\Clients\JsonTests\JsonTests.csproj", "{F30A91B5-BFA6-4CB5-9BAB-DC16D6289933}"
EndProject
Project("{FAE04EC0-301F-11D3-BF4B-00C04F79EFBC}") = "ServiceHalo4", "Apps\ServiceHalo4\ServiceHalo4.csproj", "{93DF6368-7D40-49D1-80F2-68AAF1D9C85D}"
EndProject
Project("{FAE04EC0-301F-11D3-BF4B-00C04F79EFBC}") = "Extensions", "Packages\Extensions\Extensions.csproj", "{8808E867-6784-4F5A-9252-6EE8050E4DB7}"
EndProject
Project("{FAE04EC0-301F-11D3-BF4B-00C04F79EFBC}") = "Crypto", "Packages\Crypto\Crypto.csproj", "{EA8C60B5-4F75-46B4-94A9-6D98D6BFFD28}"
EndProject
Project("{FAE04EC0-301F-11D3-BF4B-00C04F79EFBC}") = "Identity", "Clients\Identity\Identity.csproj", "{13EC13EF-5E5A-491A-9A43-3582D5A14A75}"
EndProject
Project("{FAE04EC0-301F-11D3-BF4B-00C04F79EFBC}") = "Converters", "Packages\Converters\Converters.csproj", "{A75B3C41-2571-4061-8CD1-D762397212F3}"
EndProject
Project("{2150E333-8FDC-42A3-9474-1A3956D46DE8}") = "LambdaFunctions", "LambdaFunctions", "{00BB77CA-439F-4392-B3BF-47F3DFA34E6D}"
EndProject
Project("{FAE04EC0-301F-11D3-BF4B-00C04F79EFBC}") = "TokenRefresh", "LambdaFunctions\TokenRefresh\TokenRefresh.csproj", "{CB6B0727-D2C2-402C-9C4C-B65CCBB659CF}"
EndProject
Project("{FAE04EC0-301F-11D3-BF4B-00C04F79EFBC}") = "Http", "Clients\Http\Http.csproj", "{DEC1D184-00EA-4143-983E-6E260A1B84A2}"
EndProject
Project("{FAE04EC0-301F-11D3-BF4B-00C04F79EFBC}") = "ServiceXboxLive", "Apps\ServiceXboxLive\ServiceXboxLive.csproj", "{42164304-E3F1-498F-9C6A-9EB37CF99D54}"
EndProject
Project("{FAE04EC0-301F-11D3-BF4B-00C04F79EFBC}") = "XboxLive", "Clients\XboxLive\XboxLive.csproj", "{F3CC9472-1848-467B-A402-628B7C01CED2}"
EndProject
Project("{FAE04EC0-301F-11D3-BF4B-00C04F79EFBC}") = "Cache", "Clients\Cache\Cache.csproj", "{27F0D90C-A325-45A4-9BE7-EEA63D869C8B}"
EndProject
Project("{FAE04EC0-301F-11D3-BF4B-00C04F79EFBC}") = "ServiceHalo2", "Apps\ServiceHalo2\ServiceHalo2.csproj", "{716270C7-8F1F-4655-8C45-11A5F117222E}"
EndProject
Project("{FAE04EC0-301F-11D3-BF4B-00C04F79EFBC}") = "Crpc", "Packages\Crpc\Crpc.csproj", "{3455CD1E-2BA7-4396-9B90-91D2BF405515}"
EndProject
Project("{FAE04EC0-301F-11D3-BF4B-00C04F79EFBC}") = "Bae", "Packages\Bae\Bae.csproj", "{D419DB2B-BB43-4C33-8439-FEFCC5794040}"
EndProject
Project("{FAE04EC0-301F-11D3-BF4B-00C04F79EFBC}") = "Sqs", "Clients\Sqs\Sqs.csproj", "{DE645D45-B6C4-4CFF-BA86-7E6463583C47}"
EndProject
Project("{FAE04EC0-301F-11D3-BF4B-00C04F79EFBC}") = "S3", "Clients\S3\S3.csproj", "{508FF8F2-2607-4F1F-8756-1C0133A4625E}"
EndProject
Project("{FAE04EC0-301F-11D3-BF4B-00C04F79EFBC}") = "Postgres", "Clients\Postgres\Postgres.csproj", "{58F26A6B-8FE2-4198-A8DA-7E2BCE49CE43}"
EndProject
Global
	GlobalSection(SolutionConfigurationPlatforms) = preSolution
		Debug|Any CPU = Debug|Any CPU
		Debug|x64 = Debug|x64
		Debug|x86 = Debug|x86
		Release|Any CPU = Release|Any CPU
		Release|x64 = Release|x64
		Release|x86 = Release|x86
	EndGlobalSection
	GlobalSection(SolutionProperties) = preSolution
		HideSolutionNode = FALSE
	EndGlobalSection
	GlobalSection(ProjectConfigurationPlatforms) = postSolution
		{139B6BC5-4BAA-46CD-B0A2-CF1558CDC81C}.Debug|Any CPU.ActiveCfg = Debug|Any CPU
		{139B6BC5-4BAA-46CD-B0A2-CF1558CDC81C}.Debug|Any CPU.Build.0 = Debug|Any CPU
		{139B6BC5-4BAA-46CD-B0A2-CF1558CDC81C}.Debug|x64.ActiveCfg = Debug|Any CPU
		{139B6BC5-4BAA-46CD-B0A2-CF1558CDC81C}.Debug|x64.Build.0 = Debug|Any CPU
		{139B6BC5-4BAA-46CD-B0A2-CF1558CDC81C}.Debug|x86.ActiveCfg = Debug|Any CPU
		{139B6BC5-4BAA-46CD-B0A2-CF1558CDC81C}.Debug|x86.Build.0 = Debug|Any CPU
		{139B6BC5-4BAA-46CD-B0A2-CF1558CDC81C}.Release|Any CPU.ActiveCfg = Release|Any CPU
		{139B6BC5-4BAA-46CD-B0A2-CF1558CDC81C}.Release|Any CPU.Build.0 = Release|Any CPU
		{139B6BC5-4BAA-46CD-B0A2-CF1558CDC81C}.Release|x64.ActiveCfg = Release|Any CPU
		{139B6BC5-4BAA-46CD-B0A2-CF1558CDC81C}.Release|x64.Build.0 = Release|Any CPU
		{139B6BC5-4BAA-46CD-B0A2-CF1558CDC81C}.Release|x86.ActiveCfg = Release|Any CPU
		{139B6BC5-4BAA-46CD-B0A2-CF1558CDC81C}.Release|x86.Build.0 = Release|Any CPU
		{E7F4EEC8-D12A-4AD3-B728-F21B8E228451}.Debug|Any CPU.ActiveCfg = Debug|Any CPU
		{E7F4EEC8-D12A-4AD3-B728-F21B8E228451}.Debug|Any CPU.Build.0 = Debug|Any CPU
		{E7F4EEC8-D12A-4AD3-B728-F21B8E228451}.Debug|x64.ActiveCfg = Debug|Any CPU
		{E7F4EEC8-D12A-4AD3-B728-F21B8E228451}.Debug|x64.Build.0 = Debug|Any CPU
		{E7F4EEC8-D12A-4AD3-B728-F21B8E228451}.Debug|x86.ActiveCfg = Debug|Any CPU
		{E7F4EEC8-D12A-4AD3-B728-F21B8E228451}.Debug|x86.Build.0 = Debug|Any CPU
		{E7F4EEC8-D12A-4AD3-B728-F21B8E228451}.Release|Any CPU.ActiveCfg = Release|Any CPU
		{E7F4EEC8-D12A-4AD3-B728-F21B8E228451}.Release|Any CPU.Build.0 = Release|Any CPU
		{E7F4EEC8-D12A-4AD3-B728-F21B8E228451}.Release|x64.ActiveCfg = Release|Any CPU
		{E7F4EEC8-D12A-4AD3-B728-F21B8E228451}.Release|x64.Build.0 = Release|Any CPU
		{E7F4EEC8-D12A-4AD3-B728-F21B8E228451}.Release|x86.ActiveCfg = Release|Any CPU
		{E7F4EEC8-D12A-4AD3-B728-F21B8E228451}.Release|x86.Build.0 = Release|Any CPU
		{4CAB276D-33BC-4472-958C-F6394B84B95F}.Debug|Any CPU.ActiveCfg = Debug|Any CPU
		{4CAB276D-33BC-4472-958C-F6394B84B95F}.Debug|Any CPU.Build.0 = Debug|Any CPU
		{4CAB276D-33BC-4472-958C-F6394B84B95F}.Debug|x64.ActiveCfg = Debug|Any CPU
		{4CAB276D-33BC-4472-958C-F6394B84B95F}.Debug|x64.Build.0 = Debug|Any CPU
		{4CAB276D-33BC-4472-958C-F6394B84B95F}.Debug|x86.ActiveCfg = Debug|Any CPU
		{4CAB276D-33BC-4472-958C-F6394B84B95F}.Debug|x86.Build.0 = Debug|Any CPU
		{4CAB276D-33BC-4472-958C-F6394B84B95F}.Release|Any CPU.ActiveCfg = Release|Any CPU
		{4CAB276D-33BC-4472-958C-F6394B84B95F}.Release|Any CPU.Build.0 = Release|Any CPU
		{4CAB276D-33BC-4472-958C-F6394B84B95F}.Release|x64.ActiveCfg = Release|Any CPU
		{4CAB276D-33BC-4472-958C-F6394B84B95F}.Release|x64.Build.0 = Release|Any CPU
		{4CAB276D-33BC-4472-958C-F6394B84B95F}.Release|x86.ActiveCfg = Release|Any CPU
		{4CAB276D-33BC-4472-958C-F6394B84B95F}.Release|x86.Build.0 = Release|Any CPU
		{2E58CDB9-B5C4-405B-A968-5BB4780EF13B}.Debug|Any CPU.ActiveCfg = Debug|Any CPU
		{2E58CDB9-B5C4-405B-A968-5BB4780EF13B}.Debug|Any CPU.Build.0 = Debug|Any CPU
		{2E58CDB9-B5C4-405B-A968-5BB4780EF13B}.Debug|x64.ActiveCfg = Debug|Any CPU
		{2E58CDB9-B5C4-405B-A968-5BB4780EF13B}.Debug|x64.Build.0 = Debug|Any CPU
		{2E58CDB9-B5C4-405B-A968-5BB4780EF13B}.Debug|x86.ActiveCfg = Debug|Any CPU
		{2E58CDB9-B5C4-405B-A968-5BB4780EF13B}.Debug|x86.Build.0 = Debug|Any CPU
		{2E58CDB9-B5C4-405B-A968-5BB4780EF13B}.Release|Any CPU.ActiveCfg = Release|Any CPU
		{2E58CDB9-B5C4-405B-A968-5BB4780EF13B}.Release|Any CPU.Build.0 = Release|Any CPU
		{2E58CDB9-B5C4-405B-A968-5BB4780EF13B}.Release|x64.ActiveCfg = Release|Any CPU
		{2E58CDB9-B5C4-405B-A968-5BB4780EF13B}.Release|x64.Build.0 = Release|Any CPU
		{2E58CDB9-B5C4-405B-A968-5BB4780EF13B}.Release|x86.ActiveCfg = Release|Any CPU
		{2E58CDB9-B5C4-405B-A968-5BB4780EF13B}.Release|x86.Build.0 = Release|Any CPU
		{36A2CADB-A372-4647-9444-4B2D115B90A3}.Debug|Any CPU.ActiveCfg = Debug|Any CPU
		{36A2CADB-A372-4647-9444-4B2D115B90A3}.Debug|Any CPU.Build.0 = Debug|Any CPU
		{36A2CADB-A372-4647-9444-4B2D115B90A3}.Debug|x64.ActiveCfg = Debug|Any CPU
		{36A2CADB-A372-4647-9444-4B2D115B90A3}.Debug|x64.Build.0 = Debug|Any CPU
		{36A2CADB-A372-4647-9444-4B2D115B90A3}.Debug|x86.ActiveCfg = Debug|Any CPU
		{36A2CADB-A372-4647-9444-4B2D115B90A3}.Debug|x86.Build.0 = Debug|Any CPU
		{36A2CADB-A372-4647-9444-4B2D115B90A3}.Release|Any CPU.ActiveCfg = Release|Any CPU
		{36A2CADB-A372-4647-9444-4B2D115B90A3}.Release|Any CPU.Build.0 = Release|Any CPU
		{36A2CADB-A372-4647-9444-4B2D115B90A3}.Release|x64.ActiveCfg = Release|Any CPU
		{36A2CADB-A372-4647-9444-4B2D115B90A3}.Release|x64.Build.0 = Release|Any CPU
		{36A2CADB-A372-4647-9444-4B2D115B90A3}.Release|x86.ActiveCfg = Release|Any CPU
		{36A2CADB-A372-4647-9444-4B2D115B90A3}.Release|x86.Build.0 = Release|Any CPU
		{8D1043D8-2B08-4F52-AC68-3CEB5556A4EB}.Debug|Any CPU.ActiveCfg = Debug|Any CPU
		{8D1043D8-2B08-4F52-AC68-3CEB5556A4EB}.Debug|Any CPU.Build.0 = Debug|Any CPU
		{8D1043D8-2B08-4F52-AC68-3CEB5556A4EB}.Debug|x64.ActiveCfg = Debug|Any CPU
		{8D1043D8-2B08-4F52-AC68-3CEB5556A4EB}.Debug|x64.Build.0 = Debug|Any CPU
		{8D1043D8-2B08-4F52-AC68-3CEB5556A4EB}.Debug|x86.ActiveCfg = Debug|Any CPU
		{8D1043D8-2B08-4F52-AC68-3CEB5556A4EB}.Debug|x86.Build.0 = Debug|Any CPU
		{8D1043D8-2B08-4F52-AC68-3CEB5556A4EB}.Release|Any CPU.ActiveCfg = Release|Any CPU
		{8D1043D8-2B08-4F52-AC68-3CEB5556A4EB}.Release|Any CPU.Build.0 = Release|Any CPU
		{8D1043D8-2B08-4F52-AC68-3CEB5556A4EB}.Release|x64.ActiveCfg = Release|Any CPU
		{8D1043D8-2B08-4F52-AC68-3CEB5556A4EB}.Release|x64.Build.0 = Release|Any CPU
		{8D1043D8-2B08-4F52-AC68-3CEB5556A4EB}.Release|x86.ActiveCfg = Release|Any CPU
		{8D1043D8-2B08-4F52-AC68-3CEB5556A4EB}.Release|x86.Build.0 = Release|Any CPU
		{F6C08900-1D8E-4935-B00B-2C38FAE03BF9}.Debug|Any CPU.ActiveCfg = Debug|Any CPU
		{F6C08900-1D8E-4935-B00B-2C38FAE03BF9}.Debug|Any CPU.Build.0 = Debug|Any CPU
		{F6C08900-1D8E-4935-B00B-2C38FAE03BF9}.Debug|x64.ActiveCfg = Debug|Any CPU
		{F6C08900-1D8E-4935-B00B-2C38FAE03BF9}.Debug|x64.Build.0 = Debug|Any CPU
		{F6C08900-1D8E-4935-B00B-2C38FAE03BF9}.Debug|x86.ActiveCfg = Debug|Any CPU
		{F6C08900-1D8E-4935-B00B-2C38FAE03BF9}.Debug|x86.Build.0 = Debug|Any CPU
		{F6C08900-1D8E-4935-B00B-2C38FAE03BF9}.Release|Any CPU.ActiveCfg = Release|Any CPU
		{F6C08900-1D8E-4935-B00B-2C38FAE03BF9}.Release|Any CPU.Build.0 = Release|Any CPU
		{F6C08900-1D8E-4935-B00B-2C38FAE03BF9}.Release|x64.ActiveCfg = Release|Any CPU
		{F6C08900-1D8E-4935-B00B-2C38FAE03BF9}.Release|x64.Build.0 = Release|Any CPU
		{F6C08900-1D8E-4935-B00B-2C38FAE03BF9}.Release|x86.ActiveCfg = Release|Any CPU
		{F6C08900-1D8E-4935-B00B-2C38FAE03BF9}.Release|x86.Build.0 = Release|Any CPU
		{F30A91B5-BFA6-4CB5-9BAB-DC16D6289933}.Debug|Any CPU.ActiveCfg = Debug|Any CPU
		{F30A91B5-BFA6-4CB5-9BAB-DC16D6289933}.Debug|Any CPU.Build.0 = Debug|Any CPU
		{F30A91B5-BFA6-4CB5-9BAB-DC16D6289933}.Debug|x64.ActiveCfg = Debug|Any CPU
		{F30A91B5-BFA6-4CB5-9BAB-DC16D6289933}.Debug|x64.Build.0 = Debug|Any CPU
		{F30A91B5-BFA6-4CB5-9BAB-DC16D6289933}.Debug|x86.ActiveCfg = Debug|Any CPU
		{F30A91B5-BFA6-4CB5-9BAB-DC16D6289933}.Debug|x86.Build.0 = Debug|Any CPU
		{F30A91B5-BFA6-4CB5-9BAB-DC16D6289933}.Release|Any CPU.ActiveCfg = Release|Any CPU
		{F30A91B5-BFA6-4CB5-9BAB-DC16D6289933}.Release|Any CPU.Build.0 = Release|Any CPU
		{F30A91B5-BFA6-4CB5-9BAB-DC16D6289933}.Release|x64.ActiveCfg = Release|Any CPU
		{F30A91B5-BFA6-4CB5-9BAB-DC16D6289933}.Release|x64.Build.0 = Release|Any CPU
		{F30A91B5-BFA6-4CB5-9BAB-DC16D6289933}.Release|x86.ActiveCfg = Release|Any CPU
		{F30A91B5-BFA6-4CB5-9BAB-DC16D6289933}.Release|x86.Build.0 = Release|Any CPU
		{93DF6368-7D40-49D1-80F2-68AAF1D9C85D}.Debug|Any CPU.ActiveCfg = Debug|Any CPU
		{93DF6368-7D40-49D1-80F2-68AAF1D9C85D}.Debug|Any CPU.Build.0 = Debug|Any CPU
		{93DF6368-7D40-49D1-80F2-68AAF1D9C85D}.Debug|x64.ActiveCfg = Debug|Any CPU
		{93DF6368-7D40-49D1-80F2-68AAF1D9C85D}.Debug|x64.Build.0 = Debug|Any CPU
		{93DF6368-7D40-49D1-80F2-68AAF1D9C85D}.Debug|x86.ActiveCfg = Debug|Any CPU
		{93DF6368-7D40-49D1-80F2-68AAF1D9C85D}.Debug|x86.Build.0 = Debug|Any CPU
		{93DF6368-7D40-49D1-80F2-68AAF1D9C85D}.Release|Any CPU.ActiveCfg = Release|Any CPU
		{93DF6368-7D40-49D1-80F2-68AAF1D9C85D}.Release|Any CPU.Build.0 = Release|Any CPU
		{93DF6368-7D40-49D1-80F2-68AAF1D9C85D}.Release|x64.ActiveCfg = Release|Any CPU
		{93DF6368-7D40-49D1-80F2-68AAF1D9C85D}.Release|x64.Build.0 = Release|Any CPU
		{93DF6368-7D40-49D1-80F2-68AAF1D9C85D}.Release|x86.ActiveCfg = Release|Any CPU
		{93DF6368-7D40-49D1-80F2-68AAF1D9C85D}.Release|x86.Build.0 = Release|Any CPU
		{8808E867-6784-4F5A-9252-6EE8050E4DB7}.Debug|Any CPU.ActiveCfg = Debug|Any CPU
		{8808E867-6784-4F5A-9252-6EE8050E4DB7}.Debug|Any CPU.Build.0 = Debug|Any CPU
		{8808E867-6784-4F5A-9252-6EE8050E4DB7}.Debug|x64.ActiveCfg = Debug|Any CPU
		{8808E867-6784-4F5A-9252-6EE8050E4DB7}.Debug|x64.Build.0 = Debug|Any CPU
		{8808E867-6784-4F5A-9252-6EE8050E4DB7}.Debug|x86.ActiveCfg = Debug|Any CPU
		{8808E867-6784-4F5A-9252-6EE8050E4DB7}.Debug|x86.Build.0 = Debug|Any CPU
		{8808E867-6784-4F5A-9252-6EE8050E4DB7}.Release|Any CPU.ActiveCfg = Release|Any CPU
		{8808E867-6784-4F5A-9252-6EE8050E4DB7}.Release|Any CPU.Build.0 = Release|Any CPU
		{8808E867-6784-4F5A-9252-6EE8050E4DB7}.Release|x64.ActiveCfg = Release|Any CPU
		{8808E867-6784-4F5A-9252-6EE8050E4DB7}.Release|x64.Build.0 = Release|Any CPU
		{8808E867-6784-4F5A-9252-6EE8050E4DB7}.Release|x86.ActiveCfg = Release|Any CPU
		{8808E867-6784-4F5A-9252-6EE8050E4DB7}.Release|x86.Build.0 = Release|Any CPU
		{EA8C60B5-4F75-46B4-94A9-6D98D6BFFD28}.Debug|Any CPU.ActiveCfg = Debug|Any CPU
		{EA8C60B5-4F75-46B4-94A9-6D98D6BFFD28}.Debug|Any CPU.Build.0 = Debug|Any CPU
		{EA8C60B5-4F75-46B4-94A9-6D98D6BFFD28}.Debug|x64.ActiveCfg = Debug|Any CPU
		{EA8C60B5-4F75-46B4-94A9-6D98D6BFFD28}.Debug|x64.Build.0 = Debug|Any CPU
		{EA8C60B5-4F75-46B4-94A9-6D98D6BFFD28}.Debug|x86.ActiveCfg = Debug|Any CPU
		{EA8C60B5-4F75-46B4-94A9-6D98D6BFFD28}.Debug|x86.Build.0 = Debug|Any CPU
		{EA8C60B5-4F75-46B4-94A9-6D98D6BFFD28}.Release|Any CPU.ActiveCfg = Release|Any CPU
		{EA8C60B5-4F75-46B4-94A9-6D98D6BFFD28}.Release|Any CPU.Build.0 = Release|Any CPU
		{EA8C60B5-4F75-46B4-94A9-6D98D6BFFD28}.Release|x64.ActiveCfg = Release|Any CPU
		{EA8C60B5-4F75-46B4-94A9-6D98D6BFFD28}.Release|x64.Build.0 = Release|Any CPU
		{EA8C60B5-4F75-46B4-94A9-6D98D6BFFD28}.Release|x86.ActiveCfg = Release|Any CPU
		{EA8C60B5-4F75-46B4-94A9-6D98D6BFFD28}.Release|x86.Build.0 = Release|Any CPU
		{13EC13EF-5E5A-491A-9A43-3582D5A14A75}.Debug|Any CPU.ActiveCfg = Debug|Any CPU
		{13EC13EF-5E5A-491A-9A43-3582D5A14A75}.Debug|Any CPU.Build.0 = Debug|Any CPU
		{13EC13EF-5E5A-491A-9A43-3582D5A14A75}.Debug|x64.ActiveCfg = Debug|Any CPU
		{13EC13EF-5E5A-491A-9A43-3582D5A14A75}.Debug|x64.Build.0 = Debug|Any CPU
		{13EC13EF-5E5A-491A-9A43-3582D5A14A75}.Debug|x86.ActiveCfg = Debug|Any CPU
		{13EC13EF-5E5A-491A-9A43-3582D5A14A75}.Debug|x86.Build.0 = Debug|Any CPU
		{13EC13EF-5E5A-491A-9A43-3582D5A14A75}.Release|Any CPU.ActiveCfg = Release|Any CPU
		{13EC13EF-5E5A-491A-9A43-3582D5A14A75}.Release|Any CPU.Build.0 = Release|Any CPU
		{13EC13EF-5E5A-491A-9A43-3582D5A14A75}.Release|x64.ActiveCfg = Release|Any CPU
		{13EC13EF-5E5A-491A-9A43-3582D5A14A75}.Release|x64.Build.0 = Release|Any CPU
		{13EC13EF-5E5A-491A-9A43-3582D5A14A75}.Release|x86.ActiveCfg = Release|Any CPU
		{13EC13EF-5E5A-491A-9A43-3582D5A14A75}.Release|x86.Build.0 = Release|Any CPU
		{A75B3C41-2571-4061-8CD1-D762397212F3}.Debug|Any CPU.ActiveCfg = Debug|Any CPU
		{A75B3C41-2571-4061-8CD1-D762397212F3}.Debug|Any CPU.Build.0 = Debug|Any CPU
		{A75B3C41-2571-4061-8CD1-D762397212F3}.Debug|x64.ActiveCfg = Debug|Any CPU
		{A75B3C41-2571-4061-8CD1-D762397212F3}.Debug|x64.Build.0 = Debug|Any CPU
		{A75B3C41-2571-4061-8CD1-D762397212F3}.Debug|x86.ActiveCfg = Debug|Any CPU
		{A75B3C41-2571-4061-8CD1-D762397212F3}.Debug|x86.Build.0 = Debug|Any CPU
		{A75B3C41-2571-4061-8CD1-D762397212F3}.Release|Any CPU.ActiveCfg = Release|Any CPU
		{A75B3C41-2571-4061-8CD1-D762397212F3}.Release|Any CPU.Build.0 = Release|Any CPU
		{A75B3C41-2571-4061-8CD1-D762397212F3}.Release|x64.ActiveCfg = Release|Any CPU
		{A75B3C41-2571-4061-8CD1-D762397212F3}.Release|x64.Build.0 = Release|Any CPU
		{A75B3C41-2571-4061-8CD1-D762397212F3}.Release|x86.ActiveCfg = Release|Any CPU
		{A75B3C41-2571-4061-8CD1-D762397212F3}.Release|x86.Build.0 = Release|Any CPU
		{CB6B0727-D2C2-402C-9C4C-B65CCBB659CF}.Debug|Any CPU.ActiveCfg = Debug|Any CPU
		{CB6B0727-D2C2-402C-9C4C-B65CCBB659CF}.Debug|Any CPU.Build.0 = Debug|Any CPU
		{CB6B0727-D2C2-402C-9C4C-B65CCBB659CF}.Debug|x64.ActiveCfg = Debug|Any CPU
		{CB6B0727-D2C2-402C-9C4C-B65CCBB659CF}.Debug|x64.Build.0 = Debug|Any CPU
		{CB6B0727-D2C2-402C-9C4C-B65CCBB659CF}.Debug|x86.ActiveCfg = Debug|Any CPU
		{CB6B0727-D2C2-402C-9C4C-B65CCBB659CF}.Debug|x86.Build.0 = Debug|Any CPU
		{CB6B0727-D2C2-402C-9C4C-B65CCBB659CF}.Release|Any CPU.ActiveCfg = Release|Any CPU
		{CB6B0727-D2C2-402C-9C4C-B65CCBB659CF}.Release|Any CPU.Build.0 = Release|Any CPU
		{CB6B0727-D2C2-402C-9C4C-B65CCBB659CF}.Release|x64.ActiveCfg = Release|Any CPU
		{CB6B0727-D2C2-402C-9C4C-B65CCBB659CF}.Release|x64.Build.0 = Release|Any CPU
		{CB6B0727-D2C2-402C-9C4C-B65CCBB659CF}.Release|x86.ActiveCfg = Release|Any CPU
		{CB6B0727-D2C2-402C-9C4C-B65CCBB659CF}.Release|x86.Build.0 = Release|Any CPU
		{DEC1D184-00EA-4143-983E-6E260A1B84A2}.Debug|Any CPU.ActiveCfg = Debug|Any CPU
		{DEC1D184-00EA-4143-983E-6E260A1B84A2}.Debug|Any CPU.Build.0 = Debug|Any CPU
		{DEC1D184-00EA-4143-983E-6E260A1B84A2}.Debug|x64.ActiveCfg = Debug|Any CPU
		{DEC1D184-00EA-4143-983E-6E260A1B84A2}.Debug|x64.Build.0 = Debug|Any CPU
		{DEC1D184-00EA-4143-983E-6E260A1B84A2}.Debug|x86.ActiveCfg = Debug|Any CPU
		{DEC1D184-00EA-4143-983E-6E260A1B84A2}.Debug|x86.Build.0 = Debug|Any CPU
		{DEC1D184-00EA-4143-983E-6E260A1B84A2}.Release|Any CPU.ActiveCfg = Release|Any CPU
		{DEC1D184-00EA-4143-983E-6E260A1B84A2}.Release|Any CPU.Build.0 = Release|Any CPU
		{DEC1D184-00EA-4143-983E-6E260A1B84A2}.Release|x64.ActiveCfg = Release|Any CPU
		{DEC1D184-00EA-4143-983E-6E260A1B84A2}.Release|x64.Build.0 = Release|Any CPU
		{DEC1D184-00EA-4143-983E-6E260A1B84A2}.Release|x86.ActiveCfg = Release|Any CPU
		{DEC1D184-00EA-4143-983E-6E260A1B84A2}.Release|x86.Build.0 = Release|Any CPU
		{42164304-E3F1-498F-9C6A-9EB37CF99D54}.Debug|Any CPU.ActiveCfg = Debug|Any CPU
		{42164304-E3F1-498F-9C6A-9EB37CF99D54}.Debug|Any CPU.Build.0 = Debug|Any CPU
		{42164304-E3F1-498F-9C6A-9EB37CF99D54}.Debug|x64.ActiveCfg = Debug|Any CPU
		{42164304-E3F1-498F-9C6A-9EB37CF99D54}.Debug|x64.Build.0 = Debug|Any CPU
		{42164304-E3F1-498F-9C6A-9EB37CF99D54}.Debug|x86.ActiveCfg = Debug|Any CPU
		{42164304-E3F1-498F-9C6A-9EB37CF99D54}.Debug|x86.Build.0 = Debug|Any CPU
		{42164304-E3F1-498F-9C6A-9EB37CF99D54}.Release|Any CPU.ActiveCfg = Release|Any CPU
		{42164304-E3F1-498F-9C6A-9EB37CF99D54}.Release|Any CPU.Build.0 = Release|Any CPU
		{42164304-E3F1-498F-9C6A-9EB37CF99D54}.Release|x64.ActiveCfg = Release|Any CPU
		{42164304-E3F1-498F-9C6A-9EB37CF99D54}.Release|x64.Build.0 = Release|Any CPU
		{42164304-E3F1-498F-9C6A-9EB37CF99D54}.Release|x86.ActiveCfg = Release|Any CPU
		{42164304-E3F1-498F-9C6A-9EB37CF99D54}.Release|x86.Build.0 = Release|Any CPU
		{F3CC9472-1848-467B-A402-628B7C01CED2}.Debug|Any CPU.ActiveCfg = Debug|Any CPU
		{F3CC9472-1848-467B-A402-628B7C01CED2}.Debug|Any CPU.Build.0 = Debug|Any CPU
		{F3CC9472-1848-467B-A402-628B7C01CED2}.Debug|x64.ActiveCfg = Debug|Any CPU
		{F3CC9472-1848-467B-A402-628B7C01CED2}.Debug|x64.Build.0 = Debug|Any CPU
		{F3CC9472-1848-467B-A402-628B7C01CED2}.Debug|x86.ActiveCfg = Debug|Any CPU
		{F3CC9472-1848-467B-A402-628B7C01CED2}.Debug|x86.Build.0 = Debug|Any CPU
		{F3CC9472-1848-467B-A402-628B7C01CED2}.Release|Any CPU.ActiveCfg = Release|Any CPU
		{F3CC9472-1848-467B-A402-628B7C01CED2}.Release|Any CPU.Build.0 = Release|Any CPU
		{F3CC9472-1848-467B-A402-628B7C01CED2}.Release|x64.ActiveCfg = Release|Any CPU
		{F3CC9472-1848-467B-A402-628B7C01CED2}.Release|x64.Build.0 = Release|Any CPU
		{F3CC9472-1848-467B-A402-628B7C01CED2}.Release|x86.ActiveCfg = Release|Any CPU
		{F3CC9472-1848-467B-A402-628B7C01CED2}.Release|x86.Build.0 = Release|Any CPU
		{27F0D90C-A325-45A4-9BE7-EEA63D869C8B}.Debug|Any CPU.ActiveCfg = Debug|Any CPU
		{27F0D90C-A325-45A4-9BE7-EEA63D869C8B}.Debug|Any CPU.Build.0 = Debug|Any CPU
		{27F0D90C-A325-45A4-9BE7-EEA63D869C8B}.Debug|x64.ActiveCfg = Debug|Any CPU
		{27F0D90C-A325-45A4-9BE7-EEA63D869C8B}.Debug|x64.Build.0 = Debug|Any CPU
		{27F0D90C-A325-45A4-9BE7-EEA63D869C8B}.Debug|x86.ActiveCfg = Debug|Any CPU
		{27F0D90C-A325-45A4-9BE7-EEA63D869C8B}.Debug|x86.Build.0 = Debug|Any CPU
		{27F0D90C-A325-45A4-9BE7-EEA63D869C8B}.Release|Any CPU.ActiveCfg = Release|Any CPU
		{27F0D90C-A325-45A4-9BE7-EEA63D869C8B}.Release|Any CPU.Build.0 = Release|Any CPU
		{27F0D90C-A325-45A4-9BE7-EEA63D869C8B}.Release|x64.ActiveCfg = Release|Any CPU
		{27F0D90C-A325-45A4-9BE7-EEA63D869C8B}.Release|x64.Build.0 = Release|Any CPU
		{27F0D90C-A325-45A4-9BE7-EEA63D869C8B}.Release|x86.ActiveCfg = Release|Any CPU
		{27F0D90C-A325-45A4-9BE7-EEA63D869C8B}.Release|x86.Build.0 = Release|Any CPU
		{716270C7-8F1F-4655-8C45-11A5F117222E}.Debug|Any CPU.ActiveCfg = Debug|Any CPU
		{716270C7-8F1F-4655-8C45-11A5F117222E}.Debug|Any CPU.Build.0 = Debug|Any CPU
		{716270C7-8F1F-4655-8C45-11A5F117222E}.Debug|x64.ActiveCfg = Debug|Any CPU
		{716270C7-8F1F-4655-8C45-11A5F117222E}.Debug|x64.Build.0 = Debug|Any CPU
		{716270C7-8F1F-4655-8C45-11A5F117222E}.Debug|x86.ActiveCfg = Debug|Any CPU
		{716270C7-8F1F-4655-8C45-11A5F117222E}.Debug|x86.Build.0 = Debug|Any CPU
		{716270C7-8F1F-4655-8C45-11A5F117222E}.Release|Any CPU.ActiveCfg = Release|Any CPU
		{716270C7-8F1F-4655-8C45-11A5F117222E}.Release|Any CPU.Build.0 = Release|Any CPU
		{716270C7-8F1F-4655-8C45-11A5F117222E}.Release|x64.ActiveCfg = Release|Any CPU
		{716270C7-8F1F-4655-8C45-11A5F117222E}.Release|x64.Build.0 = Release|Any CPU
		{716270C7-8F1F-4655-8C45-11A5F117222E}.Release|x86.ActiveCfg = Release|Any CPU
		{716270C7-8F1F-4655-8C45-11A5F117222E}.Release|x86.Build.0 = Release|Any CPU
		{3455CD1E-2BA7-4396-9B90-91D2BF405515}.Debug|Any CPU.ActiveCfg = Debug|Any CPU
		{3455CD1E-2BA7-4396-9B90-91D2BF405515}.Debug|Any CPU.Build.0 = Debug|Any CPU
		{3455CD1E-2BA7-4396-9B90-91D2BF405515}.Debug|x64.ActiveCfg = Debug|Any CPU
		{3455CD1E-2BA7-4396-9B90-91D2BF405515}.Debug|x64.Build.0 = Debug|Any CPU
		{3455CD1E-2BA7-4396-9B90-91D2BF405515}.Debug|x86.ActiveCfg = Debug|Any CPU
		{3455CD1E-2BA7-4396-9B90-91D2BF405515}.Debug|x86.Build.0 = Debug|Any CPU
		{3455CD1E-2BA7-4396-9B90-91D2BF405515}.Release|Any CPU.ActiveCfg = Release|Any CPU
		{3455CD1E-2BA7-4396-9B90-91D2BF405515}.Release|Any CPU.Build.0 = Release|Any CPU
		{3455CD1E-2BA7-4396-9B90-91D2BF405515}.Release|x64.ActiveCfg = Release|Any CPU
		{3455CD1E-2BA7-4396-9B90-91D2BF405515}.Release|x64.Build.0 = Release|Any CPU
		{3455CD1E-2BA7-4396-9B90-91D2BF405515}.Release|x86.ActiveCfg = Release|Any CPU
		{3455CD1E-2BA7-4396-9B90-91D2BF405515}.Release|x86.Build.0 = Release|Any CPU
		{D419DB2B-BB43-4C33-8439-FEFCC5794040}.Debug|Any CPU.ActiveCfg = Debug|Any CPU
		{D419DB2B-BB43-4C33-8439-FEFCC5794040}.Debug|Any CPU.Build.0 = Debug|Any CPU
		{D419DB2B-BB43-4C33-8439-FEFCC5794040}.Debug|x64.ActiveCfg = Debug|Any CPU
		{D419DB2B-BB43-4C33-8439-FEFCC5794040}.Debug|x64.Build.0 = Debug|Any CPU
		{D419DB2B-BB43-4C33-8439-FEFCC5794040}.Debug|x86.ActiveCfg = Debug|Any CPU
		{D419DB2B-BB43-4C33-8439-FEFCC5794040}.Debug|x86.Build.0 = Debug|Any CPU
		{D419DB2B-BB43-4C33-8439-FEFCC5794040}.Release|Any CPU.ActiveCfg = Release|Any CPU
		{D419DB2B-BB43-4C33-8439-FEFCC5794040}.Release|Any CPU.Build.0 = Release|Any CPU
		{D419DB2B-BB43-4C33-8439-FEFCC5794040}.Release|x64.ActiveCfg = Release|Any CPU
		{D419DB2B-BB43-4C33-8439-FEFCC5794040}.Release|x64.Build.0 = Release|Any CPU
		{D419DB2B-BB43-4C33-8439-FEFCC5794040}.Release|x86.ActiveCfg = Release|Any CPU
		{D419DB2B-BB43-4C33-8439-FEFCC5794040}.Release|x86.Build.0 = Release|Any CPU
		{DE645D45-B6C4-4CFF-BA86-7E6463583C47}.Debug|Any CPU.ActiveCfg = Debug|Any CPU
		{DE645D45-B6C4-4CFF-BA86-7E6463583C47}.Debug|Any CPU.Build.0 = Debug|Any CPU
		{DE645D45-B6C4-4CFF-BA86-7E6463583C47}.Debug|x64.ActiveCfg = Debug|Any CPU
		{DE645D45-B6C4-4CFF-BA86-7E6463583C47}.Debug|x64.Build.0 = Debug|Any CPU
		{DE645D45-B6C4-4CFF-BA86-7E6463583C47}.Debug|x86.ActiveCfg = Debug|Any CPU
		{DE645D45-B6C4-4CFF-BA86-7E6463583C47}.Debug|x86.Build.0 = Debug|Any CPU
		{DE645D45-B6C4-4CFF-BA86-7E6463583C47}.Release|Any CPU.ActiveCfg = Release|Any CPU
		{DE645D45-B6C4-4CFF-BA86-7E6463583C47}.Release|Any CPU.Build.0 = Release|Any CPU
		{DE645D45-B6C4-4CFF-BA86-7E6463583C47}.Release|x64.ActiveCfg = Release|Any CPU
		{DE645D45-B6C4-4CFF-BA86-7E6463583C47}.Release|x64.Build.0 = Release|Any CPU
		{DE645D45-B6C4-4CFF-BA86-7E6463583C47}.Release|x86.ActiveCfg = Release|Any CPU
		{DE645D45-B6C4-4CFF-BA86-7E6463583C47}.Release|x86.Build.0 = Release|Any CPU
		{508FF8F2-2607-4F1F-8756-1C0133A4625E}.Debug|Any CPU.ActiveCfg = Debug|Any CPU
		{508FF8F2-2607-4F1F-8756-1C0133A4625E}.Debug|Any CPU.Build.0 = Debug|Any CPU
		{508FF8F2-2607-4F1F-8756-1C0133A4625E}.Debug|x64.ActiveCfg = Debug|Any CPU
		{508FF8F2-2607-4F1F-8756-1C0133A4625E}.Debug|x64.Build.0 = Debug|Any CPU
		{508FF8F2-2607-4F1F-8756-1C0133A4625E}.Debug|x86.ActiveCfg = Debug|Any CPU
		{508FF8F2-2607-4F1F-8756-1C0133A4625E}.Debug|x86.Build.0 = Debug|Any CPU
		{508FF8F2-2607-4F1F-8756-1C0133A4625E}.Release|Any CPU.ActiveCfg = Release|Any CPU
		{508FF8F2-2607-4F1F-8756-1C0133A4625E}.Release|Any CPU.Build.0 = Release|Any CPU
		{508FF8F2-2607-4F1F-8756-1C0133A4625E}.Release|x64.ActiveCfg = Release|Any CPU
		{508FF8F2-2607-4F1F-8756-1C0133A4625E}.Release|x64.Build.0 = Release|Any CPU
		{508FF8F2-2607-4F1F-8756-1C0133A4625E}.Release|x86.ActiveCfg = Release|Any CPU
		{508FF8F2-2607-4F1F-8756-1C0133A4625E}.Release|x86.Build.0 = Release|Any CPU
		{58F26A6B-8FE2-4198-A8DA-7E2BCE49CE43}.Debug|Any CPU.ActiveCfg = Debug|Any CPU
		{58F26A6B-8FE2-4198-A8DA-7E2BCE49CE43}.Debug|Any CPU.Build.0 = Debug|Any CPU
		{58F26A6B-8FE2-4198-A8DA-7E2BCE49CE43}.Debug|x64.ActiveCfg = Debug|Any CPU
		{58F26A6B-8FE2-4198-A8DA-7E2BCE49CE43}.Debug|x64.Build.0 = Debug|Any CPU
		{58F26A6B-8FE2-4198-A8DA-7E2BCE49CE43}.Debug|x86.ActiveCfg = Debug|Any CPU
		{58F26A6B-8FE2-4198-A8DA-7E2BCE49CE43}.Debug|x86.Build.0 = Debug|Any CPU
		{58F26A6B-8FE2-4198-A8DA-7E2BCE49CE43}.Release|Any CPU.ActiveCfg = Release|Any CPU
		{58F26A6B-8FE2-4198-A8DA-7E2BCE49CE43}.Release|Any CPU.Build.0 = Release|Any CPU
		{58F26A6B-8FE2-4198-A8DA-7E2BCE49CE43}.Release|x64.ActiveCfg = Release|Any CPU
		{58F26A6B-8FE2-4198-A8DA-7E2BCE49CE43}.Release|x64.Build.0 = Release|Any CPU
		{58F26A6B-8FE2-4198-A8DA-7E2BCE49CE43}.Release|x86.ActiveCfg = Release|Any CPU
		{58F26A6B-8FE2-4198-A8DA-7E2BCE49CE43}.Release|x86.Build.0 = Release|Any CPU
	EndGlobalSection
	GlobalSection(NestedProjects) = preSolution
		{139B6BC5-4BAA-46CD-B0A2-CF1558CDC81C} = {722F2BD8-5A8B-4B52-8251-AAEC0284F6D8}
		{E7F4EEC8-D12A-4AD3-B728-F21B8E228451} = {292DC400-9C56-4FB5-81CF-E1DF61A3C056}
		{4CAB276D-33BC-4472-958C-F6394B84B95F} = {292DC400-9C56-4FB5-81CF-E1DF61A3C056}
		{2E58CDB9-B5C4-405B-A968-5BB4780EF13B} = {292DC400-9C56-4FB5-81CF-E1DF61A3C056}
		{36A2CADB-A372-4647-9444-4B2D115B90A3} = {B6B4D09F-D7D4-451F-9B9F-B1A85EAED262}
		{8D1043D8-2B08-4F52-AC68-3CEB5556A4EB} = {B6B4D09F-D7D4-451F-9B9F-B1A85EAED262}
		{F6C08900-1D8E-4935-B00B-2C38FAE03BF9} = {B6B4D09F-D7D4-451F-9B9F-B1A85EAED262}
		{D4C4ADE3-4ED7-4543-A067-4D1E2804A395} = {7FB91095-244C-4445-8F52-D70AD4709322}
		{F30A91B5-BFA6-4CB5-9BAB-DC16D6289933} = {D4C4ADE3-4ED7-4543-A067-4D1E2804A395}
		{93DF6368-7D40-49D1-80F2-68AAF1D9C85D} = {722F2BD8-5A8B-4B52-8251-AAEC0284F6D8}
		{8808E867-6784-4F5A-9252-6EE8050E4DB7} = {B6B4D09F-D7D4-451F-9B9F-B1A85EAED262}
		{EA8C60B5-4F75-46B4-94A9-6D98D6BFFD28} = {B6B4D09F-D7D4-451F-9B9F-B1A85EAED262}
		{13EC13EF-5E5A-491A-9A43-3582D5A14A75} = {292DC400-9C56-4FB5-81CF-E1DF61A3C056}
		{A75B3C41-2571-4061-8CD1-D762397212F3} = {B6B4D09F-D7D4-451F-9B9F-B1A85EAED262}
		{CB6B0727-D2C2-402C-9C4C-B65CCBB659CF} = {00BB77CA-439F-4392-B3BF-47F3DFA34E6D}
		{DEC1D184-00EA-4143-983E-6E260A1B84A2} = {292DC400-9C56-4FB5-81CF-E1DF61A3C056}
		{42164304-E3F1-498F-9C6A-9EB37CF99D54} = {722F2BD8-5A8B-4B52-8251-AAEC0284F6D8}
		{F3CC9472-1848-467B-A402-628B7C01CED2} = {292DC400-9C56-4FB5-81CF-E1DF61A3C056}
		{27F0D90C-A325-45A4-9BE7-EEA63D869C8B} = {292DC400-9C56-4FB5-81CF-E1DF61A3C056}
		{716270C7-8F1F-4655-8C45-11A5F117222E} = {722F2BD8-5A8B-4B52-8251-AAEC0284F6D8}
		{3455CD1E-2BA7-4396-9B90-91D2BF405515} = {B6B4D09F-D7D4-451F-9B9F-B1A85EAED262}
		{D419DB2B-BB43-4C33-8439-FEFCC5794040} = {B6B4D09F-D7D4-451F-9B9F-B1A85EAED262}
		{DE645D45-B6C4-4CFF-BA86-7E6463583C47} = {292DC400-9C56-4FB5-81CF-E1DF61A3C056}
		{508FF8F2-2607-4F1F-8756-1C0133A4625E} = {292DC400-9C56-4FB5-81CF-E1DF61A3C056}
		{58F26A6B-8FE2-4198-A8DA-7E2BCE49CE43} = {292DC400-9C56-4FB5-81CF-E1DF61A3C056}
	EndGlobalSection
EndGlobal
